
Microsoft Visual Studio Solution File, Format Version 12.00
# Visual Studio Version 17
VisualStudioVersion = 17.0.31919.166
MinimumVisualStudioVersion = 10.0.40219.1
Project("{9A19103F-16F7-4668-BE54-9A1E7A4F7556}") = "GrpcClient", "GrpcClient\GrpcClient.csproj", "{204EA302-B126-4AA4-A4A3-C5480CEB48A1}"
EndProject
Project("{9A19103F-16F7-4668-BE54-9A1E7A4F7556}") = "GrpcServer", "GrpcServer\GrpcServer.csproj", "{B157F8BD-6AAE-4F1B-8225-F3A4DE01B4F4}"
EndProject
Project("{9A19103F-16F7-4668-BE54-9A1E7A4F7556}") = "Protocol", "Protocol\Protocol.csproj", "{D07CDAFA-23E4-49D4-AC40-4CFC23E9A5E5}"
EndProject
Project("{2150E333-8FDC-42A3-9474-1A3956D46DE8}") = "Solution Items", "Solution Items", "{88D67695-C4D3-425A-A199-9A0996549CAA}"
	ProjectSection(SolutionItems) = preProject
		devnote.txt = devnote.txt
	EndProjectSection
EndProject
Global
	GlobalSection(SolutionConfigurationPlatforms) = preSolution
		Debug|Any CPU = Debug|Any CPU
		Release|Any CPU = Release|Any CPU
	EndGlobalSection
	GlobalSection(ProjectConfigurationPlatforms) = postSolution
		{204EA302-B126-4AA4-A4A3-C5480CEB48A1}.Debug|Any CPU.ActiveCfg = Debug|Any CPU
		{204EA302-B126-4AA4-A4A3-C5480CEB48A1}.Debug|Any CPU.Build.0 = Debug|Any CPU
		{204EA302-B126-4AA4-A4A3-C5480CEB48A1}.Release|Any CPU.ActiveCfg = Release|Any CPU
		{204EA302-B126-4AA4-A4A3-C5480CEB48A1}.Release|Any CPU.Build.0 = Release|Any CPU
		{B157F8BD-6AAE-4F1B-8225-F3A4DE01B4F4}.Debug|Any CPU.ActiveCfg = Debug|Any CPU
		{B157F8BD-6AAE-4F1B-8225-F3A4DE01B4F4}.Debug|Any CPU.Build.0 = Debug|Any CPU
		{B157F8BD-6AAE-4F1B-8225-F3A4DE01B4F4}.Release|Any CPU.ActiveCfg = Release|Any CPU
		{B157F8BD-6AAE-4F1B-8225-F3A4DE01B4F4}.Release|Any CPU.Build.0 = Release|Any CPU
		{D07CDAFA-23E4-49D4-AC40-4CFC23E9A5E5}.Debug|Any CPU.ActiveCfg = Debug|Any CPU
		{D07CDAFA-23E4-49D4-AC40-4CFC23E9A5E5}.Debug|Any CPU.Build.0 = Debug|Any CPU
		{D07CDAFA-23E4-49D4-AC40-4CFC23E9A5E5}.Release|Any CPU.ActiveCfg = Release|Any CPU
		{D07CDAFA-23E4-49D4-AC40-4CFC23E9A5E5}.Release|Any CPU.Build.0 = Release|Any CPU
	EndGlobalSection
	GlobalSection(SolutionProperties) = preSolution
		HideSolutionNode = FALSE
	EndGlobalSection
	GlobalSection(ExtensibilityGlobals) = postSolution
		SolutionGuid = {00432EC6-81B2-4B5B-8750-6237F6942381}
	EndGlobalSection
EndGlobal
